
Microsoft Visual Studio Solution File, Format Version 12.00
Project("{FAE04EC0-301F-11D3-BF4B-00C04F79EFBC}") = "PactTest.Web", "PactTest.Web\PactTest.Web.csproj", "{B8771111-6A12-4337-A866-40C3D81DBA1C}"
EndProject
Project("{FAE04EC0-301F-11D3-BF4B-00C04F79EFBC}") = "PactTest.Web.Tests", "PactTest.Web.Tests\PactTest.Web.Tests.csproj", "{EF7132F3-1E7F-4A03-9286-9BC8771C8A4D}"
EndProject
Global
	GlobalSection(SolutionConfigurationPlatforms) = preSolution
		Debug|Any CPU = Debug|Any CPU
		Release|Any CPU = Release|Any CPU
	EndGlobalSection
	GlobalSection(ProjectConfigurationPlatforms) = postSolution
		{B8771111-6A12-4337-A866-40C3D81DBA1C}.Debug|Any CPU.ActiveCfg = Debug|Any CPU
		{B8771111-6A12-4337-A866-40C3D81DBA1C}.Debug|Any CPU.Build.0 = Debug|Any CPU
		{B8771111-6A12-4337-A866-40C3D81DBA1C}.Release|Any CPU.ActiveCfg = Release|Any CPU
		{B8771111-6A12-4337-A866-40C3D81DBA1C}.Release|Any CPU.Build.0 = Release|Any CPU
		{EF7132F3-1E7F-4A03-9286-9BC8771C8A4D}.Debug|Any CPU.ActiveCfg = Debug|Any CPU
		{EF7132F3-1E7F-4A03-9286-9BC8771C8A4D}.Debug|Any CPU.Build.0 = Debug|Any CPU
		{EF7132F3-1E7F-4A03-9286-9BC8771C8A4D}.Release|Any CPU.ActiveCfg = Release|Any CPU
		{EF7132F3-1E7F-4A03-9286-9BC8771C8A4D}.Release|Any CPU.Build.0 = Release|Any CPU
	EndGlobalSection
EndGlobal
